
Microsoft Visual Studio Solution File, Format Version 12.00
# Visual Studio Version 17
VisualStudioVersion = 17.3.32901.215
MinimumVisualStudioVersion = 10.0.40219.1
Project("{9A19103F-16F7-4668-BE54-9A1E7A4F7556}") = "CS2S564_Tutorial4_MultipleForms", "CS2S564_Tutorial4_MultipleForms\CS2S564_Tutorial4_MultipleForms.csproj", "{873DCC80-A73F-4D32-9918-A25236E425E2}"
EndProject
Global
	GlobalSection(SolutionConfigurationPlatforms) = preSolution
		Debug|Any CPU = Debug|Any CPU
		Release|Any CPU = Release|Any CPU
	EndGlobalSection
	GlobalSection(ProjectConfigurationPlatforms) = postSolution
		{873DCC80-A73F-4D32-9918-A25236E425E2}.Debug|Any CPU.ActiveCfg = Debug|Any CPU
		{873DCC80-A73F-4D32-9918-A25236E425E2}.Debug|Any CPU.Build.0 = Debug|Any CPU
		{873DCC80-A73F-4D32-9918-A25236E425E2}.Release|Any CPU.ActiveCfg = Release|Any CPU
		{873DCC80-A73F-4D32-9918-A25236E425E2}.Release|Any CPU.Build.0 = Release|Any CPU
	EndGlobalSection
	GlobalSection(SolutionProperties) = preSolution
		HideSolutionNode = FALSE
	EndGlobalSection
	GlobalSection(ExtensibilityGlobals) = postSolution
		SolutionGuid = {B679A108-47B7-4397-AC98-66002F43EB93}
	EndGlobalSection
EndGlobal
